
Microsoft Visual Studio Solution File, Format Version 12.00
# Visual Studio 15
VisualStudioVersion = 15.0.27130.2010
MinimumVisualStudioVersion = 10.0.40219.1
Project("{FAE04EC0-301F-11D3-BF4B-00C04F79EFBC}") = "TcpServices", "TcpServices\TcpServices.csproj", "{64405211-172F-4F89-B559-36FD76EAE467}"
EndProject
Global
	GlobalSection(SolutionConfigurationPlatforms) = preSolution
		Debug|Any CPU = Debug|Any CPU
		Release|Any CPU = Release|Any CPU
	EndGlobalSection
	GlobalSection(ProjectConfigurationPlatforms) = postSolution
		{64405211-172F-4F89-B559-36FD76EAE467}.Debug|Any CPU.ActiveCfg = Debug|Any CPU
		{64405211-172F-4F89-B559-36FD76EAE467}.Debug|Any CPU.Build.0 = Debug|Any CPU
		{64405211-172F-4F89-B559-36FD76EAE467}.Release|Any CPU.ActiveCfg = Release|Any CPU
		{64405211-172F-4F89-B559-36FD76EAE467}.Release|Any CPU.Build.0 = Release|Any CPU
	EndGlobalSection
	GlobalSection(SolutionProperties) = preSolution
		HideSolutionNode = FALSE
	EndGlobalSection
	GlobalSection(ExtensibilityGlobals) = postSolution
		SolutionGuid = {24C3C3A5-4A52-41C0-86E6-4CC18BDF01DC}
	EndGlobalSection
EndGlobal
